// !$*UTF8*$!
{
	archiveVersion = 1;
	classes = {
	};
	objectVersion = 46;
	objects = {

/* Begin PBXAggregateTarget section */
		F534C004148775B8002BE621 /* MonacaTemplateEngine-Universal */ = {
			isa = PBXAggregateTarget;
			buildConfigurationList = F534C005148775B8002BE621 /* Build configuration list for PBXAggregateTarget "MonacaTemplateEngine-Universal" */;
			buildPhases = (
				F534C008148775CC002BE621 /* ShellScript */,
			);
			dependencies = (
			);
			name = "MonacaTemplateEngine-Universal";
			productName = "MonacaTemplateEngine-Universal";
		};
/* End PBXAggregateTarget section */

/* Begin PBXBuildFile section */
		3E145346159ACD160095F8B6 /* TestCase.h in Headers */ = {isa = PBXBuildFile; fileRef = 3E145341159ACD160095F8B6 /* TestCase.h */; };
		3E145356159AD1C40095F8B6 /* GHUnitIOS.framework in Frameworks */ = {isa = PBXBuildFile; fileRef = F578319F134AE44F00D56C0B /* GHUnitIOS.framework */; };
		3E2FA0E3157CCD8B000BA4DE /* UIKit.framework in Frameworks */ = {isa = PBXBuildFile; fileRef = 3E2FA0E2157CCD8B000BA4DE /* UIKit.framework */; };
		3E2FA0E5157CCD8B000BA4DE /* Foundation.framework in Frameworks */ = {isa = PBXBuildFile; fileRef = 3E2FA0E4157CCD8B000BA4DE /* Foundation.framework */; };
		3E2FA0E7157CCD8B000BA4DE /* CoreGraphics.framework in Frameworks */ = {isa = PBXBuildFile; fileRef = 3E2FA0E6157CCD8B000BA4DE /* CoreGraphics.framework */; };
		3E2FA0ED157CCD8B000BA4DE /* InfoPlist.strings in Resources */ = {isa = PBXBuildFile; fileRef = 3E2FA0EB157CCD8B000BA4DE /* InfoPlist.strings */; };
		3E2FA0EF157CCD8B000BA4DE /* main.m in Sources */ = {isa = PBXBuildFile; fileRef = 3E2FA0EE157CCD8B000BA4DE /* main.m */; };
		3E2FA0FA157CD194000BA4DE /* CustomWebView.m in Sources */ = {isa = PBXBuildFile; fileRef = 3E2FA0F9157CD194000BA4DE /* CustomWebView.m */; };
		3E2FA0FC157CD3BB000BA4DE /* index.html in Resources */ = {isa = PBXBuildFile; fileRef = 3E2FA0FB157CD3BB000BA4DE /* index.html */; };
		3E2FA102157CD63D000BA4DE /* AppDelegate.m in Sources */ = {isa = PBXBuildFile; fileRef = 3E2FA0F2157CCD8B000BA4DE /* AppDelegate.m */; };
		3E4F521B15A065660054EB23 /* MonacaTemplateEngine.m in Sources */ = {isa = PBXBuildFile; fileRef = F561613313FA49A6009FB9FF /* MonacaTemplateEngine.m */; };
		3E4F521C15A065F50054EB23 /* TemplateResourceDictionary.m in Sources */ = {isa = PBXBuildFile; fileRef = F58F3379134597F700A4243C /* TemplateResourceDictionary.m */; };
		3E4F521D15A065FE0054EB23 /* TemplateCompiler.m in Sources */ = {isa = PBXBuildFile; fileRef = F597B34D133B7B890076429C /* TemplateCompiler.m */; };
		3E4F521E15A066060054EB23 /* TemplateExecuter.m in Sources */ = {isa = PBXBuildFile; fileRef = F58CDCC71341E923009A6E66 /* TemplateExecuter.m */; };
		3E4F521F15A0662D0054EB23 /* TemplateParser.m in Sources */ = {isa = PBXBuildFile; fileRef = F58F33A013459EA900A4243C /* TemplateParser.m */; };
		3E4F522015A066340054EB23 /* Template.m in Sources */ = {isa = PBXBuildFile; fileRef = F58CD8451341821B009A6E66 /* Template.m */; };
		3E4F522115A066450054EB23 /* SymbolValue.m in Sources */ = {isa = PBXBuildFile; fileRef = F5405A10136FF9510041DE50 /* SymbolValue.m */; };
		3E4F522215A0664F0054EB23 /* DictValue.m in Sources */ = {isa = PBXBuildFile; fileRef = F5405A08136FF3E60041DE50 /* DictValue.m */; };
		3E4F522315A066560054EB23 /* StringValue.m in Sources */ = {isa = PBXBuildFile; fileRef = F54059FC136FD1FF0041DE50 /* StringValue.m */; };
		3E4F522415A066590054EB23 /* FalseValue.m in Sources */ = {isa = PBXBuildFile; fileRef = F595FDE213684605006AFD97 /* FalseValue.m */; };
		3E4F522515A0665C0054EB23 /* TrueValue.m in Sources */ = {isa = PBXBuildFile; fileRef = F595FD6C13683020006AFD97 /* TrueValue.m */; };
		3E4F522615A066610054EB23 /* NullValue.m in Sources */ = {isa = PBXBuildFile; fileRef = F5405A0C136FF7A90041DE50 /* NullValue.m */; };
		3E4F522715A066870054EB23 /* Token.m in Sources */ = {isa = PBXBuildFile; fileRef = F597B189133B09110076429C /* Token.m */; };
		3E4F522815A066980054EB23 /* forte_lexer.m in Sources */ = {isa = PBXBuildFile; fileRef = F5FB383C14851F3500DD6C7A /* forte_lexer.m */; };
		3E4F522915A0669B0054EB23 /* forte_parser.m in Sources */ = {isa = PBXBuildFile; fileRef = F5FB383F14851F3600DD6C7A /* forte_parser.m */; };
		3E4F522A15A066AC0054EB23 /* NSMutableArray+Stack.m in Sources */ = {isa = PBXBuildFile; fileRef = F5914C7113431E080016FB06 /* NSMutableArray+Stack.m */; };
		3E4F522B15A066AF0054EB23 /* NSString+HTML.m in Sources */ = {isa = PBXBuildFile; fileRef = F513789213F1592D00651752 /* NSString+HTML.m */; };
		3E4F522C15A067010054EB23 /* EchoStatementNode.m in Sources */ = {isa = PBXBuildFile; fileRef = F54059CE136EE1610041DE50 /* EchoStatementNode.m */; };
		3E4F522D15A067030054EB23 /* BlockStatementNode.m in Sources */ = {isa = PBXBuildFile; fileRef = F5914CF813432C1E0016FB06 /* BlockStatementNode.m */; };
		3E4F522E15A067060054EB23 /* IncludeStatementNode.m in Sources */ = {isa = PBXBuildFile; fileRef = F5914D6A13432F490016FB06 /* IncludeStatementNode.m */; };
		3E4F522F15A067080054EB23 /* ExtendsStatementNode.m in Sources */ = {isa = PBXBuildFile; fileRef = F5914D93134330F60016FB06 /* ExtendsStatementNode.m */; };
		3E4F523015A0670B0054EB23 /* ParentStatementNode.m in Sources */ = {isa = PBXBuildFile; fileRef = F5914DC3134333270016FB06 /* ParentStatementNode.m */; };
		3E4F523115A0670E0054EB23 /* RawStatementNode.m in Sources */ = {isa = PBXBuildFile; fileRef = F5914DD7134333CA0016FB06 /* RawStatementNode.m */; };
		3E4F523215A067100054EB23 /* StatementsNode.m in Sources */ = {isa = PBXBuildFile; fileRef = F5914DE8134334630016FB06 /* StatementsNode.m */; };
		3E4F523315A067120054EB23 /* TopStatementsNode.m in Sources */ = {isa = PBXBuildFile; fileRef = F5914DF7134334E90016FB06 /* TopStatementsNode.m */; };
		3E4F523415A067150054EB23 /* BinaryOperationNode.m in Sources */ = {isa = PBXBuildFile; fileRef = F595FCD513681FAC006AFD97 /* BinaryOperationNode.m */; };
		3E4F523515A067170054EB23 /* ConstantValueNode.m in Sources */ = {isa = PBXBuildFile; fileRef = F54059CA136EDB570041DE50 /* ConstantValueNode.m */; };
		3E4F523615A0671B0054EB23 /* IfStatementNode.m in Sources */ = {isa = PBXBuildFile; fileRef = F54059D2136EE3670041DE50 /* IfStatementNode.m */; };
		3E4F523715A0671E0054EB23 /* ShortCircuitBinaryOperationNode.m in Sources */ = {isa = PBXBuildFile; fileRef = F54059F4136FBD1E0041DE50 /* ShortCircuitBinaryOperationNode.m */; };
		3E4F523815A067200054EB23 /* StringValueNode.m in Sources */ = {isa = PBXBuildFile; fileRef = F54059F8136FCF500041DE50 /* StringValueNode.m */; };
		3E4F523915A067230054EB23 /* UnaryOperationNode.m in Sources */ = {isa = PBXBuildFile; fileRef = F5405A04136FD7750041DE50 /* UnaryOperationNode.m */; };
		3E4F524215A06E960054EB23 /* main.m in Sources */ = {isa = PBXBuildFile; fileRef = 3E2FA0EE157CCD8B000BA4DE /* main.m */; };
		3E4F524315A06E960054EB23 /* CustomWebView.m in Sources */ = {isa = PBXBuildFile; fileRef = 3E2FA0F9157CD194000BA4DE /* CustomWebView.m */; };
		3E4F524415A06E960054EB23 /* AppDelegate.m in Sources */ = {isa = PBXBuildFile; fileRef = 3E2FA0F2157CCD8B000BA4DE /* AppDelegate.m */; };
		3E4F526515A06E960054EB23 /* UIKit.framework in Frameworks */ = {isa = PBXBuildFile; fileRef = 3E2FA0E2157CCD8B000BA4DE /* UIKit.framework */; };
		3E4F526615A06E960054EB23 /* Foundation.framework in Frameworks */ = {isa = PBXBuildFile; fileRef = 3E2FA0E4157CCD8B000BA4DE /* Foundation.framework */; };
		3E4F526715A06E960054EB23 /* CoreGraphics.framework in Frameworks */ = {isa = PBXBuildFile; fileRef = 3E2FA0E6157CCD8B000BA4DE /* CoreGraphics.framework */; };
		3E4F526915A06E960054EB23 /* InfoPlist.strings in Resources */ = {isa = PBXBuildFile; fileRef = 3E2FA0EB157CCD8B000BA4DE /* InfoPlist.strings */; };
		3E4F526A15A06E960054EB23 /* index.html in Resources */ = {isa = PBXBuildFile; fileRef = 3E2FA0FB157CD3BB000BA4DE /* index.html */; };
		AA747D9F0F9514B9006C5449 /* CrossPlatformTemplater_Prefix.pch in Headers */ = {isa = PBXBuildFile; fileRef = AA747D9E0F9514B9006C5449 /* CrossPlatformTemplater_Prefix.pch */; };
		D4288E4815A486C40059D3E7 /* www in Resources */ = {isa = PBXBuildFile; fileRef = D4288E4715A486C40059D3E7 /* www */; };
		F513789313F1592D00651752 /* NSString+HTML.h in Headers */ = {isa = PBXBuildFile; fileRef = F513789113F1592D00651752 /* NSString+HTML.h */; };
		F513789513F1592D00651752 /* NSString+HTML.m in Sources */ = {isa = PBXBuildFile; fileRef = F513789213F1592D00651752 /* NSString+HTML.m */; };
		F5301FC71487694A00059897 /* GHUnitIOS.framework in Frameworks */ = {isa = PBXBuildFile; fileRef = F578319F134AE44F00D56C0B /* GHUnitIOS.framework */; };
		F54059CB136EDB570041DE50 /* ConstantValueNode.h in Headers */ = {isa = PBXBuildFile; fileRef = F54059C9136EDB560041DE50 /* ConstantValueNode.h */; };
		F54059CC136EDB580041DE50 /* ConstantValueNode.m in Sources */ = {isa = PBXBuildFile; fileRef = F54059CA136EDB570041DE50 /* ConstantValueNode.m */; };
		F54059CF136EE1610041DE50 /* EchoStatementNode.h in Headers */ = {isa = PBXBuildFile; fileRef = F54059CD136EE1600041DE50 /* EchoStatementNode.h */; };
		F54059D0136EE1610041DE50 /* EchoStatementNode.m in Sources */ = {isa = PBXBuildFile; fileRef = F54059CE136EE1610041DE50 /* EchoStatementNode.m */; };
		F54059D3136EE3680041DE50 /* IfStatementNode.h in Headers */ = {isa = PBXBuildFile; fileRef = F54059D1136EE3660041DE50 /* IfStatementNode.h */; };
		F54059D4136EE3680041DE50 /* IfStatementNode.m in Sources */ = {isa = PBXBuildFile; fileRef = F54059D2136EE3670041DE50 /* IfStatementNode.m */; };
		F54059F5136FBD1E0041DE50 /* ShortCircuitBinaryOperationNode.h in Headers */ = {isa = PBXBuildFile; fileRef = F54059F3136FBD1E0041DE50 /* ShortCircuitBinaryOperationNode.h */; };
		F54059F6136FBD1E0041DE50 /* ShortCircuitBinaryOperationNode.m in Sources */ = {isa = PBXBuildFile; fileRef = F54059F4136FBD1E0041DE50 /* ShortCircuitBinaryOperationNode.m */; };
		F54059F9136FCF580041DE50 /* StringValueNode.h in Headers */ = {isa = PBXBuildFile; fileRef = F54059F7136FCF4D0041DE50 /* StringValueNode.h */; };
		F54059FA136FCF580041DE50 /* StringValueNode.m in Sources */ = {isa = PBXBuildFile; fileRef = F54059F8136FCF500041DE50 /* StringValueNode.m */; };
		F54059FD136FD2000041DE50 /* StringValue.h in Headers */ = {isa = PBXBuildFile; fileRef = F54059FB136FD1FF0041DE50 /* StringValue.h */; };
		F54059FE136FD2000041DE50 /* StringValue.m in Sources */ = {isa = PBXBuildFile; fileRef = F54059FC136FD1FF0041DE50 /* StringValue.m */; };
		F5405A05136FD7780041DE50 /* UnaryOperationNode.h in Headers */ = {isa = PBXBuildFile; fileRef = F5405A03136FD7720041DE50 /* UnaryOperationNode.h */; };
		F5405A06136FD7780041DE50 /* UnaryOperationNode.m in Sources */ = {isa = PBXBuildFile; fileRef = F5405A04136FD7750041DE50 /* UnaryOperationNode.m */; };
		F5405A09136FF3F40041DE50 /* DictValue.h in Headers */ = {isa = PBXBuildFile; fileRef = F5405A07136FF3E10041DE50 /* DictValue.h */; };
		F5405A0A136FF3F40041DE50 /* DictValue.m in Sources */ = {isa = PBXBuildFile; fileRef = F5405A08136FF3E60041DE50 /* DictValue.m */; };
		F5405A0D136FF7AF0041DE50 /* NullValue.h in Headers */ = {isa = PBXBuildFile; fileRef = F5405A0B136FF7A50041DE50 /* NullValue.h */; };
		F5405A0E136FF7AF0041DE50 /* NullValue.m in Sources */ = {isa = PBXBuildFile; fileRef = F5405A0C136FF7A90041DE50 /* NullValue.m */; };
		F5405A11136FF9580041DE50 /* SymbolValue.h in Headers */ = {isa = PBXBuildFile; fileRef = F5405A0F136FF94B0041DE50 /* SymbolValue.h */; };
		F5405A12136FF9580041DE50 /* SymbolValue.m in Sources */ = {isa = PBXBuildFile; fileRef = F5405A10136FF9510041DE50 /* SymbolValue.m */; };
		F561613413FA49A7009FB9FF /* MonacaTemplateEngine.h in Headers */ = {isa = PBXBuildFile; fileRef = F561613213FA49A6009FB9FF /* MonacaTemplateEngine.h */; };
		F561613613FA49A7009FB9FF /* MonacaTemplateEngine.m in Sources */ = {isa = PBXBuildFile; fileRef = F561613313FA49A6009FB9FF /* MonacaTemplateEngine.m */; };
		F58CD8461341821B009A6E66 /* Template.h in Headers */ = {isa = PBXBuildFile; fileRef = F58CD8441341821B009A6E66 /* Template.h */; };
		F58CD8471341821B009A6E66 /* Template.m in Sources */ = {isa = PBXBuildFile; fileRef = F58CD8451341821B009A6E66 /* Template.m */; };
		F58CDCC91341E923009A6E66 /* TemplateExecuter.m in Sources */ = {isa = PBXBuildFile; fileRef = F58CDCC71341E923009A6E66 /* TemplateExecuter.m */; };
		F58F337A134597F700A4243C /* TemplateResourceDictionary.h in Headers */ = {isa = PBXBuildFile; fileRef = F58F3378134597F700A4243C /* TemplateResourceDictionary.h */; };
		F58F337B134597F700A4243C /* TemplateResourceDictionary.m in Sources */ = {isa = PBXBuildFile; fileRef = F58F3379134597F700A4243C /* TemplateResourceDictionary.m */; };
		F58F33A113459EA900A4243C /* TemplateParser.h in Headers */ = {isa = PBXBuildFile; fileRef = F58F339F13459EA900A4243C /* TemplateParser.h */; };
		F58F33A213459EA900A4243C /* TemplateParser.m in Sources */ = {isa = PBXBuildFile; fileRef = F58F33A013459EA900A4243C /* TemplateParser.m */; };
		F5914C7213431E080016FB06 /* NSMutableArray+Stack.h in Headers */ = {isa = PBXBuildFile; fileRef = F5914C7013431E080016FB06 /* NSMutableArray+Stack.h */; };
		F5914C7313431E080016FB06 /* NSMutableArray+Stack.m in Sources */ = {isa = PBXBuildFile; fileRef = F5914C7113431E080016FB06 /* NSMutableArray+Stack.m */; };
		F5914CF913432C1E0016FB06 /* BlockStatementNode.h in Headers */ = {isa = PBXBuildFile; fileRef = F5914CF713432C1E0016FB06 /* BlockStatementNode.h */; };
		F5914CFA13432C1E0016FB06 /* BlockStatementNode.m in Sources */ = {isa = PBXBuildFile; fileRef = F5914CF813432C1E0016FB06 /* BlockStatementNode.m */; };
		F5914D6B13432F490016FB06 /* IncludeStatementNode.h in Headers */ = {isa = PBXBuildFile; fileRef = F5914D6913432F490016FB06 /* IncludeStatementNode.h */; };
		F5914D6C13432F490016FB06 /* IncludeStatementNode.m in Sources */ = {isa = PBXBuildFile; fileRef = F5914D6A13432F490016FB06 /* IncludeStatementNode.m */; };
		F5914D94134330F60016FB06 /* ExtendsStatementNode.h in Headers */ = {isa = PBXBuildFile; fileRef = F5914D92134330F60016FB06 /* ExtendsStatementNode.h */; };
		F5914D95134330F60016FB06 /* ExtendsStatementNode.m in Sources */ = {isa = PBXBuildFile; fileRef = F5914D93134330F60016FB06 /* ExtendsStatementNode.m */; };
		F5914DC4134333270016FB06 /* ParentStatementNode.h in Headers */ = {isa = PBXBuildFile; fileRef = F5914DC2134333270016FB06 /* ParentStatementNode.h */; };
		F5914DC5134333270016FB06 /* ParentStatementNode.m in Sources */ = {isa = PBXBuildFile; fileRef = F5914DC3134333270016FB06 /* ParentStatementNode.m */; };
		F5914DD8134333CA0016FB06 /* RawStatementNode.h in Headers */ = {isa = PBXBuildFile; fileRef = F5914DD6134333CA0016FB06 /* RawStatementNode.h */; };
		F5914DD9134333CA0016FB06 /* RawStatementNode.m in Sources */ = {isa = PBXBuildFile; fileRef = F5914DD7134333CA0016FB06 /* RawStatementNode.m */; };
		F5914DE9134334630016FB06 /* StatementsNode.h in Headers */ = {isa = PBXBuildFile; fileRef = F5914DE7134334630016FB06 /* StatementsNode.h */; };
		F5914DEA134334630016FB06 /* StatementsNode.m in Sources */ = {isa = PBXBuildFile; fileRef = F5914DE8134334630016FB06 /* StatementsNode.m */; };
		F5914DF8134334E90016FB06 /* TopStatementsNode.h in Headers */ = {isa = PBXBuildFile; fileRef = F5914DF6134334E90016FB06 /* TopStatementsNode.h */; };
		F5914DF9134334E90016FB06 /* TopStatementsNode.m in Sources */ = {isa = PBXBuildFile; fileRef = F5914DF7134334E90016FB06 /* TopStatementsNode.m */; };
		F5914FEB13434C520016FB06 /* TemplateExecuter.h in Headers */ = {isa = PBXBuildFile; fileRef = F58CDCC61341E923009A6E66 /* TemplateExecuter.h */; };
		F593CDF5134AEDAC007D9BD3 /* libCrossPlatformTemplater.a in Frameworks */ = {isa = PBXBuildFile; fileRef = D2AAC07E0554694100DB518D /* libCrossPlatformTemplater.a */; };
		F595FD6613682F1F006AFD97 /* Value.h in Headers */ = {isa = PBXBuildFile; fileRef = F595FD6513682F1F006AFD97 /* Value.h */; };
		F595FD6913682F2B006AFD97 /* BinaryOperationNode.h in Headers */ = {isa = PBXBuildFile; fileRef = F595FCD413681FAC006AFD97 /* BinaryOperationNode.h */; };
		F595FD6A13682F2B006AFD97 /* BinaryOperationNode.m in Sources */ = {isa = PBXBuildFile; fileRef = F595FCD513681FAC006AFD97 /* BinaryOperationNode.m */; };
		F595FD6D13683020006AFD97 /* TrueValue.h in Headers */ = {isa = PBXBuildFile; fileRef = F595FD6B13683020006AFD97 /* TrueValue.h */; };
		F595FD6E13683020006AFD97 /* TrueValue.m in Sources */ = {isa = PBXBuildFile; fileRef = F595FD6C13683020006AFD97 /* TrueValue.m */; };
		F595FDE313684605006AFD97 /* FalseValue.h in Headers */ = {isa = PBXBuildFile; fileRef = F595FDE113684605006AFD97 /* FalseValue.h */; };
		F595FDE413684605006AFD97 /* FalseValue.m in Sources */ = {isa = PBXBuildFile; fileRef = F595FDE213684605006AFD97 /* FalseValue.m */; };
		F597B18A133B09110076429C /* Token.h in Headers */ = {isa = PBXBuildFile; fileRef = F597B188133B09110076429C /* Token.h */; };
		F597B18B133B09110076429C /* Token.m in Sources */ = {isa = PBXBuildFile; fileRef = F597B189133B09110076429C /* Token.m */; };
		F597B1E0133B17FE0076429C /* Node.h in Headers */ = {isa = PBXBuildFile; fileRef = F597B1DE133B17FE0076429C /* Node.h */; };
		F597B251133B1C420076429C /* NodeVisitor.h in Headers */ = {isa = PBXBuildFile; fileRef = F597B24F133B1C420076429C /* NodeVisitor.h */; };
		F597B34E133B7B890076429C /* TemplateCompiler.h in Headers */ = {isa = PBXBuildFile; fileRef = F597B34C133B7B890076429C /* TemplateCompiler.h */; };
		F597B34F133B7B890076429C /* TemplateCompiler.m in Sources */ = {isa = PBXBuildFile; fileRef = F597B34D133B7B890076429C /* TemplateCompiler.m */; };
		F5B22847133C4AC000C054F6 /* Forte.h in Headers */ = {isa = PBXBuildFile; fileRef = F5B22846133C4AC000C054F6 /* Forte.h */; };
		F5EEE2E713F3B67700AD0A7E /* Ast.h in Headers */ = {isa = PBXBuildFile; fileRef = F5EEE2E613F3B67700AD0A7E /* Ast.h */; };
		F5FB384114851F3600DD6C7A /* forte_lexer.h in Headers */ = {isa = PBXBuildFile; fileRef = F5FB383B14851F3500DD6C7A /* forte_lexer.h */; };
		F5FB384214851F3600DD6C7A /* forte_lexer.m in Sources */ = {isa = PBXBuildFile; fileRef = F5FB383C14851F3500DD6C7A /* forte_lexer.m */; };
		F5FB384314851F3600DD6C7A /* forte_parser.h in Headers */ = {isa = PBXBuildFile; fileRef = F5FB383E14851F3600DD6C7A /* forte_parser.h */; };
		F5FB384414851F3600DD6C7A /* forte_parser.m in Sources */ = {isa = PBXBuildFile; fileRef = F5FB383F14851F3600DD6C7A /* forte_parser.m */; };
/* End PBXBuildFile section */

/* Begin PBXContainerItemProxy section */
		F57831B8134AE4E600D56C0B /* PBXContainerItemProxy */ = {
			isa = PBXContainerItemProxy;
			containerPortal = 0867D690FE84028FC02AAC07 /* Project object */;
			proxyType = 1;
			remoteGlobalIDString = D2AAC07D0554694100DB518D;
			remoteInfo = CrossPlatformTemplater;
		};
/* End PBXContainerItemProxy section */

/* Begin PBXFileReference section */
		3E145341159ACD160095F8B6 /* TestCase.h */ = {isa = PBXFileReference; fileEncoding = 4; lastKnownFileType = sourcecode.c.h; path = TestCase.h; sourceTree = "<group>"; };
		3E2FA0E0157CCD8B000BA4DE /* TestsWithWebView.app */ = {isa = PBXFileReference; explicitFileType = wrapper.application; includeInIndex = 0; path = TestsWithWebView.app; sourceTree = BUILT_PRODUCTS_DIR; };
		3E2FA0E2157CCD8B000BA4DE /* UIKit.framework */ = {isa = PBXFileReference; lastKnownFileType = wrapper.framework; name = UIKit.framework; path = System/Library/Frameworks/UIKit.framework; sourceTree = SDKROOT; };
		3E2FA0E4157CCD8B000BA4DE /* Foundation.framework */ = {isa = PBXFileReference; lastKnownFileType = wrapper.framework; name = Foundation.framework; path = System/Library/Frameworks/Foundation.framework; sourceTree = SDKROOT; };
		3E2FA0E6157CCD8B000BA4DE /* CoreGraphics.framework */ = {isa = PBXFileReference; lastKnownFileType = wrapper.framework; name = CoreGraphics.framework; path = System/Library/Frameworks/CoreGraphics.framework; sourceTree = SDKROOT; };
		3E2FA0EA157CCD8B000BA4DE /* UnitTests-Info.plist */ = {isa = PBXFileReference; lastKnownFileType = text.plist.xml; path = "UnitTests-Info.plist"; sourceTree = "<group>"; };
		3E2FA0EC157CCD8B000BA4DE /* en */ = {isa = PBXFileReference; lastKnownFileType = text.plist.strings; name = en; path = en.lproj/InfoPlist.strings; sourceTree = "<group>"; };
		3E2FA0EE157CCD8B000BA4DE /* main.m */ = {isa = PBXFileReference; lastKnownFileType = sourcecode.c.objc; path = main.m; sourceTree = "<group>"; };
		3E2FA0F0157CCD8B000BA4DE /* UnitTests-Prefix.pch */ = {isa = PBXFileReference; lastKnownFileType = sourcecode.c.h; path = "UnitTests-Prefix.pch"; sourceTree = "<group>"; };
		3E2FA0F1157CCD8B000BA4DE /* AppDelegate.h */ = {isa = PBXFileReference; lastKnownFileType = sourcecode.c.h; path = AppDelegate.h; sourceTree = "<group>"; };
		3E2FA0F2157CCD8B000BA4DE /* AppDelegate.m */ = {isa = PBXFileReference; lastKnownFileType = sourcecode.c.objc; path = AppDelegate.m; sourceTree = "<group>"; };
		3E2FA0F8157CD194000BA4DE /* CustomWebView.h */ = {isa = PBXFileReference; fileEncoding = 4; lastKnownFileType = sourcecode.c.h; path = CustomWebView.h; sourceTree = "<group>"; };
		3E2FA0F9157CD194000BA4DE /* CustomWebView.m */ = {isa = PBXFileReference; fileEncoding = 4; lastKnownFileType = sourcecode.c.objc; path = CustomWebView.m; sourceTree = "<group>"; };
		3E2FA0FB157CD3BB000BA4DE /* index.html */ = {isa = PBXFileReference; fileEncoding = 4; lastKnownFileType = text.html; path = index.html; sourceTree = "<group>"; };
		3E4F526E15A06E960054EB23 /* TestsWithWebViewAndStaticLiblary.app */ = {isa = PBXFileReference; explicitFileType = wrapper.application; includeInIndex = 0; path = TestsWithWebViewAndStaticLiblary.app; sourceTree = BUILT_PRODUCTS_DIR; };
		3E4F527015A06E960054EB23 /* TestsWithWebViewAndStaticLiblary-Info.plist */ = {isa = PBXFileReference; lastKnownFileType = text.plist.xml; name = "TestsWithWebViewAndStaticLiblary-Info.plist"; path = "/Users/katsuya/mydata/xcode/iphone_all/TestsWithWebViewAndStaticLiblary-Info.plist"; sourceTree = "<absolute>"; };
		AA747D9E0F9514B9006C5449 /* CrossPlatformTemplater_Prefix.pch */ = {isa = PBXFileReference; fileEncoding = 4; lastKnownFileType = sourcecode.c.h; name = CrossPlatformTemplater_Prefix.pch; path = Users/katsuya/mydata/xcode/iphone_all/CrossPlatformTemplater/CrossPlatformTemplater_Prefix.pch; sourceTree = SDKROOT; };
		D2AAC07E0554694100DB518D /* libCrossPlatformTemplater.a */ = {isa = PBXFileReference; explicitFileType = archive.ar; includeInIndex = 0; path = libCrossPlatformTemplater.a; sourceTree = BUILT_PRODUCTS_DIR; };
		D4288E4715A486C40059D3E7 /* www */ = {isa = PBXFileReference; lastKnownFileType = folder; name = www; path = CrossPlatformTemplater/www; sourceTree = "<group>"; };
		F513789113F1592D00651752 /* NSString+HTML.h */ = {isa = PBXFileReference; fileEncoding = 4; lastKnownFileType = sourcecode.c.h; path = "NSString+HTML.h"; sourceTree = "<group>"; };
		F513789213F1592D00651752 /* NSString+HTML.m */ = {isa = PBXFileReference; fileEncoding = 4; lastKnownFileType = sourcecode.c.objc; path = "NSString+HTML.m"; sourceTree = "<group>"; };
		F54059C9136EDB560041DE50 /* ConstantValueNode.h */ = {isa = PBXFileReference; fileEncoding = 4; lastKnownFileType = sourcecode.c.h; path = ConstantValueNode.h; sourceTree = "<group>"; };
		F54059CA136EDB570041DE50 /* ConstantValueNode.m */ = {isa = PBXFileReference; fileEncoding = 4; lastKnownFileType = sourcecode.c.objc; path = ConstantValueNode.m; sourceTree = "<group>"; };
		F54059CD136EE1600041DE50 /* EchoStatementNode.h */ = {isa = PBXFileReference; fileEncoding = 4; lastKnownFileType = sourcecode.c.h; path = EchoStatementNode.h; sourceTree = "<group>"; };
		F54059CE136EE1610041DE50 /* EchoStatementNode.m */ = {isa = PBXFileReference; fileEncoding = 4; lastKnownFileType = sourcecode.c.objc; path = EchoStatementNode.m; sourceTree = "<group>"; };
		F54059D1136EE3660041DE50 /* IfStatementNode.h */ = {isa = PBXFileReference; fileEncoding = 4; lastKnownFileType = sourcecode.c.h; path = IfStatementNode.h; sourceTree = "<group>"; };
		F54059D2136EE3670041DE50 /* IfStatementNode.m */ = {isa = PBXFileReference; fileEncoding = 4; lastKnownFileType = sourcecode.c.objc; path = IfStatementNode.m; sourceTree = "<group>"; };
		F54059F3136FBD1E0041DE50 /* ShortCircuitBinaryOperationNode.h */ = {isa = PBXFileReference; fileEncoding = 4; lastKnownFileType = sourcecode.c.h; path = ShortCircuitBinaryOperationNode.h; sourceTree = "<group>"; };
		F54059F4136FBD1E0041DE50 /* ShortCircuitBinaryOperationNode.m */ = {isa = PBXFileReference; fileEncoding = 4; lastKnownFileType = sourcecode.c.objc; path = ShortCircuitBinaryOperationNode.m; sourceTree = "<group>"; };
		F54059F7136FCF4D0041DE50 /* StringValueNode.h */ = {isa = PBXFileReference; fileEncoding = 4; lastKnownFileType = sourcecode.c.h; path = StringValueNode.h; sourceTree = "<group>"; };
		F54059F8136FCF500041DE50 /* StringValueNode.m */ = {isa = PBXFileReference; fileEncoding = 4; lastKnownFileType = sourcecode.c.objc; path = StringValueNode.m; sourceTree = "<group>"; };
		F54059FB136FD1FF0041DE50 /* StringValue.h */ = {isa = PBXFileReference; fileEncoding = 4; lastKnownFileType = sourcecode.c.h; path = StringValue.h; sourceTree = "<group>"; };
		F54059FC136FD1FF0041DE50 /* StringValue.m */ = {isa = PBXFileReference; fileEncoding = 4; lastKnownFileType = sourcecode.c.objc; path = StringValue.m; sourceTree = "<group>"; };
		F5405A03136FD7720041DE50 /* UnaryOperationNode.h */ = {isa = PBXFileReference; fileEncoding = 4; lastKnownFileType = sourcecode.c.h; path = UnaryOperationNode.h; sourceTree = "<group>"; };
		F5405A04136FD7750041DE50 /* UnaryOperationNode.m */ = {isa = PBXFileReference; fileEncoding = 4; lastKnownFileType = sourcecode.c.objc; path = UnaryOperationNode.m; sourceTree = "<group>"; };
		F5405A07136FF3E10041DE50 /* DictValue.h */ = {isa = PBXFileReference; fileEncoding = 4; lastKnownFileType = sourcecode.c.h; path = DictValue.h; sourceTree = "<group>"; };
		F5405A08136FF3E60041DE50 /* DictValue.m */ = {isa = PBXFileReference; fileEncoding = 4; lastKnownFileType = sourcecode.c.objc; path = DictValue.m; sourceTree = "<group>"; };
		F5405A0B136FF7A50041DE50 /* NullValue.h */ = {isa = PBXFileReference; fileEncoding = 4; lastKnownFileType = sourcecode.c.h; path = NullValue.h; sourceTree = "<group>"; };
		F5405A0C136FF7A90041DE50 /* NullValue.m */ = {isa = PBXFileReference; fileEncoding = 4; lastKnownFileType = sourcecode.c.objc; path = NullValue.m; sourceTree = "<group>"; };
		F5405A0F136FF94B0041DE50 /* SymbolValue.h */ = {isa = PBXFileReference; fileEncoding = 4; lastKnownFileType = sourcecode.c.h; path = SymbolValue.h; sourceTree = "<group>"; };
		F5405A10136FF9510041DE50 /* SymbolValue.m */ = {isa = PBXFileReference; fileEncoding = 4; lastKnownFileType = sourcecode.c.objc; path = SymbolValue.m; sourceTree = "<group>"; };
		F561613213FA49A6009FB9FF /* MonacaTemplateEngine.h */ = {isa = PBXFileReference; fileEncoding = 4; lastKnownFileType = sourcecode.c.h; path = MonacaTemplateEngine.h; sourceTree = "<group>"; };
		F561613313FA49A6009FB9FF /* MonacaTemplateEngine.m */ = {isa = PBXFileReference; fileEncoding = 4; lastKnownFileType = sourcecode.c.objc; path = MonacaTemplateEngine.m; sourceTree = "<group>"; };
		F5783197134AE42300D56C0B /* CrossPlatformTemplaterTests.app */ = {isa = PBXFileReference; explicitFileType = wrapper.application; includeInIndex = 0; path = CrossPlatformTemplaterTests.app; sourceTree = BUILT_PRODUCTS_DIR; };
		F5783199134AE42300D56C0B /* CrossPlatformTemplaterTests-Info.plist */ = {isa = PBXFileReference; lastKnownFileType = text.plist.xml; name = "CrossPlatformTemplaterTests-Info.plist"; path = "CrossPlatformTemplater/CrossPlatformTemplaterTests-Info.plist"; sourceTree = "<group>"; };
		F578319F134AE44F00D56C0B /* GHUnitIOS.framework */ = {isa = PBXFileReference; lastKnownFileType = wrapper.framework; name = GHUnitIOS.framework; path = CrossPlatformTemplater/GHUnitIOS.framework; sourceTree = "<group>"; };
		F57831B7134AE4AD00D56C0B /* CrossPlatformTemplaterTests_Prefix.pch */ = {isa = PBXFileReference; fileEncoding = 4; lastKnownFileType = sourcecode.c.h; path = CrossPlatformTemplaterTests_Prefix.pch; sourceTree = "<group>"; };
		F58CD8441341821B009A6E66 /* Template.h */ = {isa = PBXFileReference; fileEncoding = 4; lastKnownFileType = sourcecode.c.h; path = Template.h; sourceTree = "<group>"; };
		F58CD8451341821B009A6E66 /* Template.m */ = {isa = PBXFileReference; fileEncoding = 4; lastKnownFileType = sourcecode.c.objc; path = Template.m; sourceTree = "<group>"; };
		F58CDCC61341E923009A6E66 /* TemplateExecuter.h */ = {isa = PBXFileReference; fileEncoding = 4; lastKnownFileType = sourcecode.c.h; path = TemplateExecuter.h; sourceTree = "<group>"; };
		F58CDCC71341E923009A6E66 /* TemplateExecuter.m */ = {isa = PBXFileReference; fileEncoding = 4; lastKnownFileType = sourcecode.c.objc; path = TemplateExecuter.m; sourceTree = "<group>"; };
		F58F3378134597F700A4243C /* TemplateResourceDictionary.h */ = {isa = PBXFileReference; fileEncoding = 4; lastKnownFileType = sourcecode.c.h; path = TemplateResourceDictionary.h; sourceTree = "<group>"; };
		F58F3379134597F700A4243C /* TemplateResourceDictionary.m */ = {isa = PBXFileReference; fileEncoding = 4; lastKnownFileType = sourcecode.c.objc; path = TemplateResourceDictionary.m; sourceTree = "<group>"; };
		F58F339F13459EA900A4243C /* TemplateParser.h */ = {isa = PBXFileReference; fileEncoding = 4; lastKnownFileType = sourcecode.c.h; path = TemplateParser.h; sourceTree = "<group>"; };
		F58F33A013459EA900A4243C /* TemplateParser.m */ = {isa = PBXFileReference; fileEncoding = 4; lastKnownFileType = sourcecode.c.objc; path = TemplateParser.m; sourceTree = "<group>"; };
		F5914C7013431E080016FB06 /* NSMutableArray+Stack.h */ = {isa = PBXFileReference; fileEncoding = 4; lastKnownFileType = sourcecode.c.h; path = "NSMutableArray+Stack.h"; sourceTree = "<group>"; };
		F5914C7113431E080016FB06 /* NSMutableArray+Stack.m */ = {isa = PBXFileReference; fileEncoding = 4; lastKnownFileType = sourcecode.c.objc; path = "NSMutableArray+Stack.m"; sourceTree = "<group>"; };
		F5914CF713432C1E0016FB06 /* BlockStatementNode.h */ = {isa = PBXFileReference; fileEncoding = 4; lastKnownFileType = sourcecode.c.h; path = BlockStatementNode.h; sourceTree = "<group>"; };
		F5914CF813432C1E0016FB06 /* BlockStatementNode.m */ = {isa = PBXFileReference; fileEncoding = 4; lastKnownFileType = sourcecode.c.objc; path = BlockStatementNode.m; sourceTree = "<group>"; };
		F5914D6913432F490016FB06 /* IncludeStatementNode.h */ = {isa = PBXFileReference; fileEncoding = 4; lastKnownFileType = sourcecode.c.h; path = IncludeStatementNode.h; sourceTree = "<group>"; };
		F5914D6A13432F490016FB06 /* IncludeStatementNode.m */ = {isa = PBXFileReference; fileEncoding = 4; lastKnownFileType = sourcecode.c.objc; path = IncludeStatementNode.m; sourceTree = "<group>"; };
		F5914D92134330F60016FB06 /* ExtendsStatementNode.h */ = {isa = PBXFileReference; fileEncoding = 4; lastKnownFileType = sourcecode.c.h; path = ExtendsStatementNode.h; sourceTree = "<group>"; };
		F5914D93134330F60016FB06 /* ExtendsStatementNode.m */ = {isa = PBXFileReference; fileEncoding = 4; lastKnownFileType = sourcecode.c.objc; path = ExtendsStatementNode.m; sourceTree = "<group>"; };
		F5914DC2134333270016FB06 /* ParentStatementNode.h */ = {isa = PBXFileReference; fileEncoding = 4; lastKnownFileType = sourcecode.c.h; path = ParentStatementNode.h; sourceTree = "<group>"; };
		F5914DC3134333270016FB06 /* ParentStatementNode.m */ = {isa = PBXFileReference; fileEncoding = 4; lastKnownFileType = sourcecode.c.objc; path = ParentStatementNode.m; sourceTree = "<group>"; };
		F5914DD6134333CA0016FB06 /* RawStatementNode.h */ = {isa = PBXFileReference; fileEncoding = 4; lastKnownFileType = sourcecode.c.h; path = RawStatementNode.h; sourceTree = "<group>"; };
		F5914DD7134333CA0016FB06 /* RawStatementNode.m */ = {isa = PBXFileReference; fileEncoding = 4; lastKnownFileType = sourcecode.c.objc; path = RawStatementNode.m; sourceTree = "<group>"; };
		F5914DE7134334630016FB06 /* StatementsNode.h */ = {isa = PBXFileReference; fileEncoding = 4; lastKnownFileType = sourcecode.c.h; path = StatementsNode.h; sourceTree = "<group>"; };
		F5914DE8134334630016FB06 /* StatementsNode.m */ = {isa = PBXFileReference; fileEncoding = 4; lastKnownFileType = sourcecode.c.objc; path = StatementsNode.m; sourceTree = "<group>"; };
		F5914DF6134334E90016FB06 /* TopStatementsNode.h */ = {isa = PBXFileReference; fileEncoding = 4; lastKnownFileType = sourcecode.c.h; path = TopStatementsNode.h; sourceTree = "<group>"; };
		F5914DF7134334E90016FB06 /* TopStatementsNode.m */ = {isa = PBXFileReference; fileEncoding = 4; lastKnownFileType = sourcecode.c.objc; path = TopStatementsNode.m; sourceTree = "<group>"; };
		F595FCD413681FAC006AFD97 /* BinaryOperationNode.h */ = {isa = PBXFileReference; fileEncoding = 4; lastKnownFileType = sourcecode.c.h; path = BinaryOperationNode.h; sourceTree = "<group>"; };
		F595FCD513681FAC006AFD97 /* BinaryOperationNode.m */ = {isa = PBXFileReference; fileEncoding = 4; lastKnownFileType = sourcecode.c.objc; path = BinaryOperationNode.m; sourceTree = "<group>"; };
		F595FD6513682F1F006AFD97 /* Value.h */ = {isa = PBXFileReference; fileEncoding = 4; lastKnownFileType = sourcecode.c.h; path = Value.h; sourceTree = "<group>"; };
		F595FD6B13683020006AFD97 /* TrueValue.h */ = {isa = PBXFileReference; fileEncoding = 4; lastKnownFileType = sourcecode.c.h; path = TrueValue.h; sourceTree = "<group>"; };
		F595FD6C13683020006AFD97 /* TrueValue.m */ = {isa = PBXFileReference; fileEncoding = 4; lastKnownFileType = sourcecode.c.objc; path = TrueValue.m; sourceTree = "<group>"; };
		F595FDE113684605006AFD97 /* FalseValue.h */ = {isa = PBXFileReference; fileEncoding = 4; lastKnownFileType = sourcecode.c.h; path = FalseValue.h; sourceTree = "<group>"; };
		F595FDE213684605006AFD97 /* FalseValue.m */ = {isa = PBXFileReference; fileEncoding = 4; lastKnownFileType = sourcecode.c.objc; path = FalseValue.m; sourceTree = "<group>"; };
		F597B188133B09110076429C /* Token.h */ = {isa = PBXFileReference; fileEncoding = 4; lastKnownFileType = sourcecode.c.h; path = Token.h; sourceTree = "<group>"; };
		F597B189133B09110076429C /* Token.m */ = {isa = PBXFileReference; fileEncoding = 4; lastKnownFileType = sourcecode.c.objc; path = Token.m; sourceTree = "<group>"; };
		F597B1DE133B17FE0076429C /* Node.h */ = {isa = PBXFileReference; fileEncoding = 4; lastKnownFileType = sourcecode.c.h; path = Node.h; sourceTree = "<group>"; };
		F597B24F133B1C420076429C /* NodeVisitor.h */ = {isa = PBXFileReference; fileEncoding = 4; lastKnownFileType = sourcecode.c.h; path = NodeVisitor.h; sourceTree = "<group>"; };
		F597B34C133B7B890076429C /* TemplateCompiler.h */ = {isa = PBXFileReference; fileEncoding = 4; lastKnownFileType = sourcecode.c.h; path = TemplateCompiler.h; sourceTree = "<group>"; };
		F597B34D133B7B890076429C /* TemplateCompiler.m */ = {isa = PBXFileReference; fileEncoding = 4; lastKnownFileType = sourcecode.c.objc; path = TemplateCompiler.m; sourceTree = "<group>"; };
		F5B22846133C4AC000C054F6 /* Forte.h */ = {isa = PBXFileReference; fileEncoding = 4; lastKnownFileType = sourcecode.c.h; path = Forte.h; sourceTree = "<group>"; };
		F5EEE2E613F3B67700AD0A7E /* Ast.h */ = {isa = PBXFileReference; fileEncoding = 4; lastKnownFileType = sourcecode.c.h; path = Ast.h; sourceTree = "<group>"; };
		F5FB383B14851F3500DD6C7A /* forte_lexer.h */ = {isa = PBXFileReference; fileEncoding = 4; lastKnownFileType = sourcecode.c.h; path = forte_lexer.h; sourceTree = "<group>"; };
		F5FB383C14851F3500DD6C7A /* forte_lexer.m */ = {isa = PBXFileReference; fileEncoding = 4; lastKnownFileType = sourcecode.c.objc; path = forte_lexer.m; sourceTree = "<group>"; };
		F5FB383E14851F3600DD6C7A /* forte_parser.h */ = {isa = PBXFileReference; fileEncoding = 4; lastKnownFileType = sourcecode.c.h; path = forte_parser.h; sourceTree = "<group>"; };
		F5FB383F14851F3600DD6C7A /* forte_parser.m */ = {isa = PBXFileReference; fileEncoding = 4; lastKnownFileType = sourcecode.c.objc; path = forte_parser.m; sourceTree = "<group>"; };
/* End PBXFileReference section */

/* Begin PBXFrameworksBuildPhase section */
		3E2FA0DD157CCD8B000BA4DE /* Frameworks */ = {
			isa = PBXFrameworksBuildPhase;
			buildActionMask = 2147483647;
			files = (
				3E2FA0E3157CCD8B000BA4DE /* UIKit.framework in Frameworks */,
				3E2FA0E5157CCD8B000BA4DE /* Foundation.framework in Frameworks */,
				3E2FA0E7157CCD8B000BA4DE /* CoreGraphics.framework in Frameworks */,
			);
			runOnlyForDeploymentPostprocessing = 0;
		};
		3E4F526415A06E960054EB23 /* Frameworks */ = {
			isa = PBXFrameworksBuildPhase;
			buildActionMask = 2147483647;
			files = (
				3E4F526515A06E960054EB23 /* UIKit.framework in Frameworks */,
				3E4F526615A06E960054EB23 /* Foundation.framework in Frameworks */,
				3E4F526715A06E960054EB23 /* CoreGraphics.framework in Frameworks */,
			);
			runOnlyForDeploymentPostprocessing = 0;
		};
		D2AAC07C0554694100DB518D /* Frameworks */ = {
			isa = PBXFrameworksBuildPhase;
			buildActionMask = 2147483647;
			files = (
				F5301FC71487694A00059897 /* GHUnitIOS.framework in Frameworks */,
			);
			runOnlyForDeploymentPostprocessing = 0;
		};
		F5783195134AE42300D56C0B /* Frameworks */ = {
			isa = PBXFrameworksBuildPhase;
			buildActionMask = 2147483647;
			files = (
				3E145356159AD1C40095F8B6 /* GHUnitIOS.framework in Frameworks */,
				F593CDF5134AEDAC007D9BD3 /* libCrossPlatformTemplater.a in Frameworks */,
			);
			runOnlyForDeploymentPostprocessing = 0;
		};
/* End PBXFrameworksBuildPhase section */

/* Begin PBXGroup section */
		034768DFFF38A50411DB9C8B /* Products */ = {
			isa = PBXGroup;
			children = (
				D2AAC07E0554694100DB518D /* libCrossPlatformTemplater.a */,
				F5783197134AE42300D56C0B /* CrossPlatformTemplaterTests.app */,
				3E2FA0E0157CCD8B000BA4DE /* TestsWithWebView.app */,
				3E4F526E15A06E960054EB23 /* TestsWithWebViewAndStaticLiblary.app */,
			);
			name = Products;
			sourceTree = "<group>";
		};
		0867D691FE84028FC02AAC07 /* CrossPlatformTemplater */ = {
			isa = PBXGroup;
			children = (
				D4288E4715A486C40059D3E7 /* www */,
				F5783248134AE5AD00D56C0B /* Tests */,
				08FB77AEFE84172EC02AAC07 /* Classes */,
				32C88DFF0371C24200C91783 /* Other Sources */,
				3E2FA0E8157CCD8B000BA4DE /* TestsWithWebView */,
				0867D69AFE84028FC02AAC07 /* Frameworks */,
				034768DFFF38A50411DB9C8B /* Products */,
				F5783199134AE42300D56C0B /* CrossPlatformTemplaterTests-Info.plist */,
				3E4F527015A06E960054EB23 /* TestsWithWebViewAndStaticLiblary-Info.plist */,
			);
			name = CrossPlatformTemplater;
			sourceTree = "<group>";
		};
		0867D69AFE84028FC02AAC07 /* Frameworks */ = {
			isa = PBXGroup;
			children = (
				F578319F134AE44F00D56C0B /* GHUnitIOS.framework */,
				3E2FA0E2157CCD8B000BA4DE /* UIKit.framework */,
				3E2FA0E4157CCD8B000BA4DE /* Foundation.framework */,
				3E2FA0E6157CCD8B000BA4DE /* CoreGraphics.framework */,
			);
			name = Frameworks;
			sourceTree = "<group>";
		};
		08FB77AEFE84172EC02AAC07 /* Classes */ = {
			isa = PBXGroup;
			children = (
				F5EEE2E913F3B88700AD0A7E /* Template */,
				F5EEE2E513F3B5D300AD0A7E /* Compiler */,
				F595FD6413682EB9006AFD97 /* Value */,
				F5914CED13432BDE0016FB06 /* Ast */,
				F5914C6F13431DF40016FB06 /* Utility */,
				F597B188133B09110076429C /* Token.h */,
				F597B189133B09110076429C /* Token.m */,
				F597B24F133B1C420076429C /* NodeVisitor.h */,
				F5B22846133C4AC000C054F6 /* Forte.h */,
				F561613213FA49A6009FB9FF /* MonacaTemplateEngine.h */,
				F561613313FA49A6009FB9FF /* MonacaTemplateEngine.m */,
			);
			name = Classes;
			path = CrossPlatformTemplater;
			sourceTree = "<group>";
		};
		32C88DFF0371C24200C91783 /* Other Sources */ = {
			isa = PBXGroup;
			children = (
				F57831B7134AE4AD00D56C0B /* CrossPlatformTemplaterTests_Prefix.pch */,
				AA747D9E0F9514B9006C5449 /* CrossPlatformTemplater_Prefix.pch */,
			);
			name = "Other Sources";
			path = CrossPlatformTemplater;
			sourceTree = "<group>";
		};
		3E2FA0E8157CCD8B000BA4DE /* TestsWithWebView */ = {
			isa = PBXGroup;
			children = (
				3E2FA0F1157CCD8B000BA4DE /* AppDelegate.h */,
				3E2FA0F2157CCD8B000BA4DE /* AppDelegate.m */,
				3E2FA0E9157CCD8B000BA4DE /* Supporting Files */,
				3E2FA0F8157CD194000BA4DE /* CustomWebView.h */,
				3E2FA0F9157CD194000BA4DE /* CustomWebView.m */,
			);
			name = TestsWithWebView;
			path = CrossPlatformTemplater/UnitTests;
			sourceTree = "<group>";
		};
		3E2FA0E9157CCD8B000BA4DE /* Supporting Files */ = {
			isa = PBXGroup;
			children = (
				3E2FA0EA157CCD8B000BA4DE /* UnitTests-Info.plist */,
				3E2FA0EB157CCD8B000BA4DE /* InfoPlist.strings */,
				3E2FA0EE157CCD8B000BA4DE /* main.m */,
				3E2FA0F0157CCD8B000BA4DE /* UnitTests-Prefix.pch */,
				3E2FA0FB157CD3BB000BA4DE /* index.html */,
			);
			name = "Supporting Files";
			sourceTree = "<group>";
		};
		F5783248134AE5AD00D56C0B /* Tests */ = {
			isa = PBXGroup;
			children = (
			);
			path = Tests;
			sourceTree = "<group>";
		};
		F5914C6F13431DF40016FB06 /* Utility */ = {
			isa = PBXGroup;
			children = (
				F5914C7013431E080016FB06 /* NSMutableArray+Stack.h */,
				F5914C7113431E080016FB06 /* NSMutableArray+Stack.m */,
				F513789113F1592D00651752 /* NSString+HTML.h */,
				F513789213F1592D00651752 /* NSString+HTML.m */,
			);
			name = Utility;
			path = Utils;
			sourceTree = "<group>";
		};
		F5914CED13432BDE0016FB06 /* Ast */ = {
			isa = PBXGroup;
			children = (
				F5EEE2E613F3B67700AD0A7E /* Ast.h */,
				F597B1DE133B17FE0076429C /* Node.h */,
				F54059CD136EE1600041DE50 /* EchoStatementNode.h */,
				F54059CE136EE1610041DE50 /* EchoStatementNode.m */,
				F5914CF713432C1E0016FB06 /* BlockStatementNode.h */,
				F5914CF813432C1E0016FB06 /* BlockStatementNode.m */,
				F5914D6913432F490016FB06 /* IncludeStatementNode.h */,
				F5914D6A13432F490016FB06 /* IncludeStatementNode.m */,
				F5914D92134330F60016FB06 /* ExtendsStatementNode.h */,
				F5914D93134330F60016FB06 /* ExtendsStatementNode.m */,
				F5914DC2134333270016FB06 /* ParentStatementNode.h */,
				F5914DC3134333270016FB06 /* ParentStatementNode.m */,
				F5914DD6134333CA0016FB06 /* RawStatementNode.h */,
				F5914DD7134333CA0016FB06 /* RawStatementNode.m */,
				F5914DE7134334630016FB06 /* StatementsNode.h */,
				F5914DE8134334630016FB06 /* StatementsNode.m */,
				F5914DF6134334E90016FB06 /* TopStatementsNode.h */,
				F5914DF7134334E90016FB06 /* TopStatementsNode.m */,
				F595FCD413681FAC006AFD97 /* BinaryOperationNode.h */,
				F595FCD513681FAC006AFD97 /* BinaryOperationNode.m */,
				F54059C9136EDB560041DE50 /* ConstantValueNode.h */,
				F54059CA136EDB570041DE50 /* ConstantValueNode.m */,
				F54059D1136EE3660041DE50 /* IfStatementNode.h */,
				F54059D2136EE3670041DE50 /* IfStatementNode.m */,
				F54059F3136FBD1E0041DE50 /* ShortCircuitBinaryOperationNode.h */,
				F54059F4136FBD1E0041DE50 /* ShortCircuitBinaryOperationNode.m */,
				F54059F7136FCF4D0041DE50 /* StringValueNode.h */,
				F54059F8136FCF500041DE50 /* StringValueNode.m */,
				F5405A03136FD7720041DE50 /* UnaryOperationNode.h */,
				F5405A04136FD7750041DE50 /* UnaryOperationNode.m */,
			);
			path = Ast;
			sourceTree = "<group>";
		};
		F595FD6413682EB9006AFD97 /* Value */ = {
			isa = PBXGroup;
			children = (
				F595FD6513682F1F006AFD97 /* Value.h */,
				F595FD6B13683020006AFD97 /* TrueValue.h */,
				F595FD6C13683020006AFD97 /* TrueValue.m */,
				F595FDE113684605006AFD97 /* FalseValue.h */,
				F595FDE213684605006AFD97 /* FalseValue.m */,
				F54059FB136FD1FF0041DE50 /* StringValue.h */,
				F54059FC136FD1FF0041DE50 /* StringValue.m */,
				F5405A07136FF3E10041DE50 /* DictValue.h */,
				F5405A08136FF3E60041DE50 /* DictValue.m */,
				F5405A0B136FF7A50041DE50 /* NullValue.h */,
				F5405A0C136FF7A90041DE50 /* NullValue.m */,
				F5405A0F136FF94B0041DE50 /* SymbolValue.h */,
				F5405A10136FF9510041DE50 /* SymbolValue.m */,
			);
			path = Value;
			sourceTree = "<group>";
		};
		F5EEE2E513F3B5D300AD0A7E /* Compiler */ = {
			isa = PBXGroup;
			children = (
				F5FB383B14851F3500DD6C7A /* forte_lexer.h */,
				F5FB383C14851F3500DD6C7A /* forte_lexer.m */,
				F5FB383E14851F3600DD6C7A /* forte_parser.h */,
				F5FB383F14851F3600DD6C7A /* forte_parser.m */,
			);
			path = Compiler;
			sourceTree = "<group>";
		};
		F5EEE2E913F3B88700AD0A7E /* Template */ = {
			isa = PBXGroup;
			children = (
				F597B34C133B7B890076429C /* TemplateCompiler.h */,
				F597B34D133B7B890076429C /* TemplateCompiler.m */,
				F58CD8441341821B009A6E66 /* Template.h */,
				F58CD8451341821B009A6E66 /* Template.m */,
				F58CDCC61341E923009A6E66 /* TemplateExecuter.h */,
				F58CDCC71341E923009A6E66 /* TemplateExecuter.m */,
				F58F3378134597F700A4243C /* TemplateResourceDictionary.h */,
				F58F3379134597F700A4243C /* TemplateResourceDictionary.m */,
				F58F339F13459EA900A4243C /* TemplateParser.h */,
				F58F33A013459EA900A4243C /* TemplateParser.m */,
			);
			name = Template;
			sourceTree = "<group>";
		};
/* End PBXGroup section */

/* Begin PBXHeadersBuildPhase section */
		D2AAC07A0554694100DB518D /* Headers */ = {
			isa = PBXHeadersBuildPhase;
			buildActionMask = 2147483647;
			files = (
				F5914FEB13434C520016FB06 /* TemplateExecuter.h in Headers */,
				F58CD8461341821B009A6E66 /* Template.h in Headers */,
				AA747D9F0F9514B9006C5449 /* CrossPlatformTemplater_Prefix.pch in Headers */,
				F597B18A133B09110076429C /* Token.h in Headers */,
				F597B1E0133B17FE0076429C /* Node.h in Headers */,
				F597B251133B1C420076429C /* NodeVisitor.h in Headers */,
				F597B34E133B7B890076429C /* TemplateCompiler.h in Headers */,
				F5B22847133C4AC000C054F6 /* Forte.h in Headers */,
				F5914C7213431E080016FB06 /* NSMutableArray+Stack.h in Headers */,
				F5914CF913432C1E0016FB06 /* BlockStatementNode.h in Headers */,
				F5914D6B13432F490016FB06 /* IncludeStatementNode.h in Headers */,
				F5914D94134330F60016FB06 /* ExtendsStatementNode.h in Headers */,
				F5914DC4134333270016FB06 /* ParentStatementNode.h in Headers */,
				F5914DD8134333CA0016FB06 /* RawStatementNode.h in Headers */,
				F5914DE9134334630016FB06 /* StatementsNode.h in Headers */,
				F5914DF8134334E90016FB06 /* TopStatementsNode.h in Headers */,
				F58F337A134597F700A4243C /* TemplateResourceDictionary.h in Headers */,
				F58F33A113459EA900A4243C /* TemplateParser.h in Headers */,
				F595FD6613682F1F006AFD97 /* Value.h in Headers */,
				F595FD6913682F2B006AFD97 /* BinaryOperationNode.h in Headers */,
				F595FD6D13683020006AFD97 /* TrueValue.h in Headers */,
				F595FDE313684605006AFD97 /* FalseValue.h in Headers */,
				F54059CB136EDB570041DE50 /* ConstantValueNode.h in Headers */,
				F54059CF136EE1610041DE50 /* EchoStatementNode.h in Headers */,
				F54059D3136EE3680041DE50 /* IfStatementNode.h in Headers */,
				F54059F5136FBD1E0041DE50 /* ShortCircuitBinaryOperationNode.h in Headers */,
				F54059F9136FCF580041DE50 /* StringValueNode.h in Headers */,
				F54059FD136FD2000041DE50 /* StringValue.h in Headers */,
				F5405A05136FD7780041DE50 /* UnaryOperationNode.h in Headers */,
				F5405A09136FF3F40041DE50 /* DictValue.h in Headers */,
				F5405A0D136FF7AF0041DE50 /* NullValue.h in Headers */,
				F5405A11136FF9580041DE50 /* SymbolValue.h in Headers */,
				F513789313F1592D00651752 /* NSString+HTML.h in Headers */,
				F5EEE2E713F3B67700AD0A7E /* Ast.h in Headers */,
				F561613413FA49A7009FB9FF /* MonacaTemplateEngine.h in Headers */,
				F5FB384114851F3600DD6C7A /* forte_lexer.h in Headers */,
				F5FB384314851F3600DD6C7A /* forte_parser.h in Headers */,
				3E145346159ACD160095F8B6 /* TestCase.h in Headers */,
			);
			runOnlyForDeploymentPostprocessing = 0;
		};
		F593CE1F134AEE08007D9BD3 /* Headers */ = {
			isa = PBXHeadersBuildPhase;
			buildActionMask = 2147483647;
			files = (
			);
			runOnlyForDeploymentPostprocessing = 0;
		};
/* End PBXHeadersBuildPhase section */

/* Begin PBXNativeTarget section */
		3E2FA0DF157CCD8B000BA4DE /* TestsWithWebView */ = {
			isa = PBXNativeTarget;
			buildConfigurationList = 3E2FA0F6157CCD8B000BA4DE /* Build configuration list for PBXNativeTarget "TestsWithWebView" */;
			buildPhases = (
				3E2FA0DC157CCD8B000BA4DE /* Sources */,
				3E2FA0DD157CCD8B000BA4DE /* Frameworks */,
				3E2FA0DE157CCD8B000BA4DE /* Resources */,
			);
			buildRules = (
			);
			dependencies = (
			);
			name = TestsWithWebView;
			productName = UnitTests;
			productReference = 3E2FA0E0157CCD8B000BA4DE /* TestsWithWebView.app */;
			productType = "com.apple.product-type.application";
		};
		3E4F524015A06E960054EB23 /* TestsWithWebViewAndStaticLiblary */ = {
			isa = PBXNativeTarget;
			buildConfigurationList = 3E4F526B15A06E960054EB23 /* Build configuration list for PBXNativeTarget "TestsWithWebViewAndStaticLiblary" */;
			buildPhases = (
				3E4F524115A06E960054EB23 /* Sources */,
				3E4F526415A06E960054EB23 /* Frameworks */,
				3E4F526815A06E960054EB23 /* Resources */,
			);
			buildRules = (
			);
			dependencies = (
			);
			name = TestsWithWebViewAndStaticLiblary;
			productName = UnitTests;
			productReference = 3E4F526E15A06E960054EB23 /* TestsWithWebViewAndStaticLiblary.app */;
			productType = "com.apple.product-type.application";
		};
		D2AAC07D0554694100DB518D /* CrossPlatformTemplater */ = {
			isa = PBXNativeTarget;
			buildConfigurationList = 1DEB921E08733DC00010E9CD /* Build configuration list for PBXNativeTarget "CrossPlatformTemplater" */;
			buildPhases = (
				D2AAC07A0554694100DB518D /* Headers */,
				D2AAC07B0554694100DB518D /* Sources */,
				D2AAC07C0554694100DB518D /* Frameworks */,
			);
			buildRules = (
			);
			dependencies = (
			);
			name = CrossPlatformTemplater;
			productName = CrossPlatformTemplater;
			productReference = D2AAC07E0554694100DB518D /* libCrossPlatformTemplater.a */;
			productType = "com.apple.product-type.library.static";
		};
		F5783196134AE42300D56C0B /* CrossPlatformTemplaterTests */ = {
			isa = PBXNativeTarget;
			buildConfigurationList = F578319C134AE42400D56C0B /* Build configuration list for PBXNativeTarget "CrossPlatformTemplaterTests" */;
			buildPhases = (
				F593CE1F134AEE08007D9BD3 /* Headers */,
				F5783193134AE42300D56C0B /* Resources */,
				F5783194134AE42300D56C0B /* Sources */,
				F5783195134AE42300D56C0B /* Frameworks */,
			);
			buildRules = (
			);
			dependencies = (
				F57831B9134AE4E600D56C0B /* PBXTargetDependency */,
			);
			name = CrossPlatformTemplaterTests;
			productName = CrossPlatformTemplaterTests;
			productReference = F5783197134AE42300D56C0B /* CrossPlatformTemplaterTests.app */;
			productType = "com.apple.product-type.application";
		};
/* End PBXNativeTarget section */

/* Begin PBXProject section */
		0867D690FE84028FC02AAC07 /* Project object */ = {
			isa = PBXProject;
			attributes = {
				LastUpgradeCheck = 0420;
			};
			buildConfigurationList = 1DEB922208733DC00010E9CD /* Build configuration list for PBXProject "CrossPlatformTemplater" */;
			compatibilityVersion = "Xcode 3.2";
			developmentRegion = English;
			hasScannedForEncodings = 1;
			knownRegions = (
				English,
				Japanese,
				French,
				German,
				en,
			);
			mainGroup = 0867D691FE84028FC02AAC07 /* CrossPlatformTemplater */;
			productRefGroup = 034768DFFF38A50411DB9C8B /* Products */;
			projectDirPath = "";
			projectRoot = "";
			targets = (
				D2AAC07D0554694100DB518D /* CrossPlatformTemplater */,
				F5783196134AE42300D56C0B /* CrossPlatformTemplaterTests */,
				F534C004148775B8002BE621 /* MonacaTemplateEngine-Universal */,
				3E2FA0DF157CCD8B000BA4DE /* TestsWithWebView */,
				3E4F524015A06E960054EB23 /* TestsWithWebViewAndStaticLiblary */,
			);
		};
/* End PBXProject section */

/* Begin PBXResourcesBuildPhase section */
		3E2FA0DE157CCD8B000BA4DE /* Resources */ = {
			isa = PBXResourcesBuildPhase;
			buildActionMask = 2147483647;
			files = (
				3E2FA0ED157CCD8B000BA4DE /* InfoPlist.strings in Resources */,
				3E2FA0FC157CD3BB000BA4DE /* index.html in Resources */,
				D4288E4815A486C40059D3E7 /* www in Resources */,
			);
			runOnlyForDeploymentPostprocessing = 0;
		};
		3E4F526815A06E960054EB23 /* Resources */ = {
			isa = PBXResourcesBuildPhase;
			buildActionMask = 2147483647;
			files = (
				3E4F526915A06E960054EB23 /* InfoPlist.strings in Resources */,
				3E4F526A15A06E960054EB23 /* index.html in Resources */,
			);
			runOnlyForDeploymentPostprocessing = 0;
		};
		F5783193134AE42300D56C0B /* Resources */ = {
			isa = PBXResourcesBuildPhase;
			buildActionMask = 2147483647;
			files = (
			);
			runOnlyForDeploymentPostprocessing = 0;
		};
/* End PBXResourcesBuildPhase section */

/* Begin PBXShellScriptBuildPhase section */
		F534C008148775CC002BE621 /* ShellScript */ = {
			isa = PBXShellScriptBuildPhase;
			buildActionMask = 2147483647;
			files = (
			);
			inputPaths = (
			);
			outputPaths = (
			);
			runOnlyForDeploymentPostprocessing = 0;
			shellPath = /bin/sh;
			shellScript = "echo ${CONFIGURATION}\n\n# Clean build for Simulator.\nxcodebuild -project ${PROJECT_NAME}.xcodeproj -sdk iphonesimulator${IPHONES_DEPLOYMENT_TARGET} -target ${PRODUCT_NAME} OBJROOT=${OBJROOT} SYMROOT=${SYMROOT} -configuration ${CONFIGURATION} -arch i386 clean build\n\n# Clean build for Device.\nxcodebuild -project ${PROJECT_NAME}.xcodeproj -sdk iphoneos${IPHONES_DEPLOYMENT_TARGET} -target ${PRODUCT_NAME} OBJROOT=${OBJROOT} SYMROOT=${SYMROOT} -configuration ${CONFIGURATION} clean build\n\nmkdir -p ${BUILD_DIR}/${CONFIGURATION}-universal\n\nlipo ${BUILD_DIR}/${CONFIGURATION}-iphoneos/lib${PRODUCT_NAME}.a ${BUILD_DIR}/${CONFIGURATION}-iphonesimulator/lib${PRODUCT_NAME}.a -create -output ${BUILD_DIR}/${CONFIGURATION}-universal/lib${PRODUCT_NAME}.a";
		};
/* End PBXShellScriptBuildPhase section */

/* Begin PBXSourcesBuildPhase section */
		3E2FA0DC157CCD8B000BA4DE /* Sources */ = {
			isa = PBXSourcesBuildPhase;
			buildActionMask = 2147483647;
			files = (
				3E2FA0EF157CCD8B000BA4DE /* main.m in Sources */,
				3E2FA0FA157CD194000BA4DE /* CustomWebView.m in Sources */,
				3E2FA102157CD63D000BA4DE /* AppDelegate.m in Sources */,
				3E4F521B15A065660054EB23 /* MonacaTemplateEngine.m in Sources */,
				3E4F521C15A065F50054EB23 /* TemplateResourceDictionary.m in Sources */,
				3E4F521D15A065FE0054EB23 /* TemplateCompiler.m in Sources */,
				3E4F521E15A066060054EB23 /* TemplateExecuter.m in Sources */,
				3E4F521F15A0662D0054EB23 /* TemplateParser.m in Sources */,
				3E4F522015A066340054EB23 /* Template.m in Sources */,
				3E4F522115A066450054EB23 /* SymbolValue.m in Sources */,
				3E4F522215A0664F0054EB23 /* DictValue.m in Sources */,
				3E4F522315A066560054EB23 /* StringValue.m in Sources */,
				3E4F522415A066590054EB23 /* FalseValue.m in Sources */,
				3E4F522515A0665C0054EB23 /* TrueValue.m in Sources */,
				3E4F522615A066610054EB23 /* NullValue.m in Sources */,
				3E4F522715A066870054EB23 /* Token.m in Sources */,
				3E4F522815A066980054EB23 /* forte_lexer.m in Sources */,
				3E4F522915A0669B0054EB23 /* forte_parser.m in Sources */,
				3E4F522A15A066AC0054EB23 /* NSMutableArray+Stack.m in Sources */,
				3E4F522B15A066AF0054EB23 /* NSString+HTML.m in Sources */,
				3E4F522C15A067010054EB23 /* EchoStatementNode.m in Sources */,
				3E4F522D15A067030054EB23 /* BlockStatementNode.m in Sources */,
				3E4F522E15A067060054EB23 /* IncludeStatementNode.m in Sources */,
				3E4F522F15A067080054EB23 /* ExtendsStatementNode.m in Sources */,
				3E4F523015A0670B0054EB23 /* ParentStatementNode.m in Sources */,
				3E4F523115A0670E0054EB23 /* RawStatementNode.m in Sources */,
				3E4F523215A067100054EB23 /* StatementsNode.m in Sources */,
				3E4F523315A067120054EB23 /* TopStatementsNode.m in Sources */,
				3E4F523415A067150054EB23 /* BinaryOperationNode.m in Sources */,
				3E4F523515A067170054EB23 /* ConstantValueNode.m in Sources */,
				3E4F523615A0671B0054EB23 /* IfStatementNode.m in Sources */,
				3E4F523715A0671E0054EB23 /* ShortCircuitBinaryOperationNode.m in Sources */,
				3E4F523815A067200054EB23 /* StringValueNode.m in Sources */,
				3E4F523915A067230054EB23 /* UnaryOperationNode.m in Sources */,
			);
			runOnlyForDeploymentPostprocessing = 0;
		};
		3E4F524115A06E960054EB23 /* Sources */ = {
			isa = PBXSourcesBuildPhase;
			buildActionMask = 2147483647;
			files = (
				3E4F524215A06E960054EB23 /* main.m in Sources */,
				3E4F524315A06E960054EB23 /* CustomWebView.m in Sources */,
				3E4F524415A06E960054EB23 /* AppDelegate.m in Sources */,
			);
			runOnlyForDeploymentPostprocessing = 0;
		};
		D2AAC07B0554694100DB518D /* Sources */ = {
			isa = PBXSourcesBuildPhase;
			buildActionMask = 2147483647;
			files = (
				F597B18B133B09110076429C /* Token.m in Sources */,
				F597B34F133B7B890076429C /* TemplateCompiler.m in Sources */,
				F58CD8471341821B009A6E66 /* Template.m in Sources */,
				F58CDCC91341E923009A6E66 /* TemplateExecuter.m in Sources */,
				F5914C7313431E080016FB06 /* NSMutableArray+Stack.m in Sources */,
				F5914CFA13432C1E0016FB06 /* BlockStatementNode.m in Sources */,
				F5914D6C13432F490016FB06 /* IncludeStatementNode.m in Sources */,
				F5914D95134330F60016FB06 /* ExtendsStatementNode.m in Sources */,
				F5914DC5134333270016FB06 /* ParentStatementNode.m in Sources */,
				F5914DD9134333CA0016FB06 /* RawStatementNode.m in Sources */,
				F5914DEA134334630016FB06 /* StatementsNode.m in Sources */,
				F5914DF9134334E90016FB06 /* TopStatementsNode.m in Sources */,
				F58F337B134597F700A4243C /* TemplateResourceDictionary.m in Sources */,
				F58F33A213459EA900A4243C /* TemplateParser.m in Sources */,
				F595FD6A13682F2B006AFD97 /* BinaryOperationNode.m in Sources */,
				F595FD6E13683020006AFD97 /* TrueValue.m in Sources */,
				F595FDE413684605006AFD97 /* FalseValue.m in Sources */,
				F54059CC136EDB580041DE50 /* ConstantValueNode.m in Sources */,
				F54059D0136EE1610041DE50 /* EchoStatementNode.m in Sources */,
				F54059D4136EE3680041DE50 /* IfStatementNode.m in Sources */,
				F54059F6136FBD1E0041DE50 /* ShortCircuitBinaryOperationNode.m in Sources */,
				F54059FA136FCF580041DE50 /* StringValueNode.m in Sources */,
				F54059FE136FD2000041DE50 /* StringValue.m in Sources */,
				F5405A06136FD7780041DE50 /* UnaryOperationNode.m in Sources */,
				F5405A0A136FF3F40041DE50 /* DictValue.m in Sources */,
				F5405A0E136FF7AF0041DE50 /* NullValue.m in Sources */,
				F5405A12136FF9580041DE50 /* SymbolValue.m in Sources */,
				F513789513F1592D00651752 /* NSString+HTML.m in Sources */,
				F561613613FA49A7009FB9FF /* MonacaTemplateEngine.m in Sources */,
				F5FB384214851F3600DD6C7A /* forte_lexer.m in Sources */,
				F5FB384414851F3600DD6C7A /* forte_parser.m in Sources */,
			);
			runOnlyForDeploymentPostprocessing = 0;
		};
		F5783194134AE42300D56C0B /* Sources */ = {
			isa = PBXSourcesBuildPhase;
			buildActionMask = 2147483647;
			files = (
			);
			runOnlyForDeploymentPostprocessing = 0;
		};
/* End PBXSourcesBuildPhase section */

/* Begin PBXTargetDependency section */
		F57831B9134AE4E600D56C0B /* PBXTargetDependency */ = {
			isa = PBXTargetDependency;
			target = D2AAC07D0554694100DB518D /* CrossPlatformTemplater */;
			targetProxy = F57831B8134AE4E600D56C0B /* PBXContainerItemProxy */;
		};
/* End PBXTargetDependency section */

/* Begin PBXVariantGroup section */
		3E2FA0EB157CCD8B000BA4DE /* InfoPlist.strings */ = {
			isa = PBXVariantGroup;
			children = (
				3E2FA0EC157CCD8B000BA4DE /* en */,
			);
			name = InfoPlist.strings;
			sourceTree = "<group>";
		};
/* End PBXVariantGroup section */

/* Begin XCBuildConfiguration section */
		1DEB921F08733DC00010E9CD /* Debug */ = {
			isa = XCBuildConfiguration;
			buildSettings = {
				ALWAYS_SEARCH_USER_PATHS = NO;
				ARCHS = (
					"$(ARCHS_STANDARD_32_BIT)",
					armv6,
				);
				COPY_PHASE_STRIP = NO;
				DSTROOT = /tmp/CrossPlatformTemplater.dst;
				FRAMEWORK_SEARCH_PATHS = (
					"$(inherited)",
					"\"$(SRCROOT)\"",
				);
				GCC_DYNAMIC_NO_PIC = NO;
				GCC_MODEL_TUNING = G5;
				GCC_OPTIMIZATION_LEVEL = 0;
				GCC_PRECOMPILE_PREFIX_HEADER = YES;
				GCC_PREFIX_HEADER = CrossPlatformTemplater/CrossPlatformTemplater_Prefix.pch;
				GCC_PREPROCESSOR_DEFINITIONS = DEBUG;
				"GCC_PREPROCESSOR_DEFINITIONS[arch=*]" = "";
				GCC_VERSION = "";
				INSTALL_PATH = /usr/local/lib;
				OTHER_CFLAGS = "-DFOR_DEBUGGER";
				PRODUCT_NAME = CrossPlatformTemplater;
			};
			name = Debug;
		};
		1DEB922008733DC00010E9CD /* Release */ = {
			isa = XCBuildConfiguration;
			buildSettings = {
				ALWAYS_SEARCH_USER_PATHS = NO;
				ARCHS = (
					"$(ARCHS_STANDARD_32_BIT)",
					armv6,
				);
				DSTROOT = /tmp/CrossPlatformTemplater.dst;
				FRAMEWORK_SEARCH_PATHS = (
					"$(inherited)",
					"\"$(SRCROOT)\"",
				);
				GCC_MODEL_TUNING = G5;
				GCC_PRECOMPILE_PREFIX_HEADER = YES;
				GCC_PREFIX_HEADER = CrossPlatformTemplater/CrossPlatformTemplater_Prefix.pch;
				GCC_VERSION = "";
				INSTALL_PATH = /usr/local/lib;
				OTHER_CFLAGS = "-DFOR_DEBUGGER";
				PRODUCT_NAME = CrossPlatformTemplater;
			};
			name = Release;
		};
		1DEB922308733DC00010E9CD /* Debug */ = {
			isa = XCBuildConfiguration;
			buildSettings = {
				ARCHS = "$(ARCHS_STANDARD_32_BIT)";
				CODE_SIGN_IDENTITY = "iPhone Developer";
				GCC_C_LANGUAGE_STANDARD = c99;
				GCC_OPTIMIZATION_LEVEL = 0;
				GCC_PREPROCESSOR_DEFINITIONS = (
					FOR_APP,
					FOR_DEBUGGER,
				);
				GCC_WARN_ABOUT_RETURN_TYPE = YES;
				GCC_WARN_UNUSED_VARIABLE = YES;
				IPHONEOS_DEPLOYMENT_TARGET = 4.0;
				OTHER_LDFLAGS = "";
				PROVISIONING_PROFILE = "";
				SDKROOT = iphoneos;
			};
			name = Debug;
		};
		1DEB922408733DC00010E9CD /* Release */ = {
			isa = XCBuildConfiguration;
			buildSettings = {
				ARCHS = "$(ARCHS_STANDARD_32_BIT)";
				GCC_C_LANGUAGE_STANDARD = c99;
				GCC_PREPROCESSOR_DEFINITIONS = (
					FOR_APP,
					FOR_DEBUGGER,
				);
				GCC_WARN_ABOUT_RETURN_TYPE = YES;
				GCC_WARN_UNUSED_VARIABLE = YES;
				IPHONEOS_DEPLOYMENT_TARGET = 4.0;
				OTHER_LDFLAGS = "";
				SDKROOT = iphoneos;
			};
			name = Release;
		};
		3E2FA0F4157CCD8B000BA4DE /* Debug */ = {
			isa = XCBuildConfiguration;
			buildSettings = {
				ALWAYS_SEARCH_USER_PATHS = NO;
				ARCHS = "$(ARCHS_STANDARD_32_BIT)";
				CLANG_ENABLE_OBJC_ARC = NO;
				"CODE_SIGN_IDENTITY[sdk=iphoneos*]" = "iPhone Developer";
				COPY_PHASE_STRIP = NO;
				GCC_C_LANGUAGE_STANDARD = gnu99;
				GCC_DYNAMIC_NO_PIC = NO;
				GCC_PRECOMPILE_PREFIX_HEADER = YES;
				GCC_PREFIX_HEADER = "CrossPlatformTemplater/UnitTests/UnitTests-Prefix.pch";
				GCC_PREPROCESSOR_DEFINITIONS = (
					"DEBUG=1",
					"$(inherited)",
				);
				GCC_SYMBOLS_PRIVATE_EXTERN = NO;
				GCC_VERSION = com.apple.compilers.llvm.clang.1_0;
				GCC_WARN_UNINITIALIZED_AUTOS = YES;
				HEADER_SEARCH_PATHS = (
					"$(INSTALL_ROOT)/usr/local/include/**",
					"$(BUILD_DIR)/$(CONFIGURATION)$(EFFECTIVE_PLATFORM_NAME)/usr/local/include/**",
				);
				INFOPLIST_FILE = "CrossPlatformTemplater/UnitTests/UnitTests-Info.plist";
				IPHONEOS_DEPLOYMENT_TARGET = 5.1;
				OTHER_LDFLAGS = "-all_load";
				PRODUCT_NAME = "$(TARGET_NAME)";
				TARGETED_DEVICE_FAMILY = "1,2";
				WRAPPER_EXTENSION = app;
			};
			name = Debug;
		};
		3E2FA0F5157CCD8B000BA4DE /* Release */ = {
			isa = XCBuildConfiguration;
			buildSettings = {
				ALWAYS_SEARCH_USER_PATHS = NO;
				ARCHS = "$(ARCHS_STANDARD_32_BIT)";
				CLANG_ENABLE_OBJC_ARC = NO;
				"CODE_SIGN_IDENTITY[sdk=iphoneos*]" = "iPhone Developer";
				COPY_PHASE_STRIP = YES;
				GCC_C_LANGUAGE_STANDARD = gnu99;
				GCC_PRECOMPILE_PREFIX_HEADER = YES;
				GCC_PREFIX_HEADER = "CrossPlatformTemplater/UnitTests/UnitTests-Prefix.pch";
				GCC_VERSION = com.apple.compilers.llvm.clang.1_0;
				GCC_WARN_UNINITIALIZED_AUTOS = YES;
				HEADER_SEARCH_PATHS = (
					"$(INSTALL_ROOT)/usr/local/include/**",
					"$(BUILD_DIR)/$(CONFIGURATION)$(EFFECTIVE_PLATFORM_NAME)/usr/local/include/**",
				);
				INFOPLIST_FILE = "CrossPlatformTemplater/UnitTests/UnitTests-Info.plist";
				IPHONEOS_DEPLOYMENT_TARGET = 5.1;
				OTHER_CFLAGS = "-DNS_BLOCK_ASSERTIONS=1";
				OTHER_LDFLAGS = "-all_load";
				PRODUCT_NAME = "$(TARGET_NAME)";
				TARGETED_DEVICE_FAMILY = "1,2";
				VALIDATE_PRODUCT = YES;
				WRAPPER_EXTENSION = app;
			};
			name = Release;
		};
		3E4F526C15A06E960054EB23 /* Debug */ = {
			isa = XCBuildConfiguration;
			buildSettings = {
				ALWAYS_SEARCH_USER_PATHS = NO;
				ARCHS = "$(ARCHS_STANDARD_32_BIT)";
				CLANG_ENABLE_OBJC_ARC = NO;
				"CODE_SIGN_IDENTITY[sdk=iphoneos*]" = "iPhone Developer";
				COPY_PHASE_STRIP = NO;
				GCC_C_LANGUAGE_STANDARD = gnu99;
				GCC_DYNAMIC_NO_PIC = NO;
				GCC_PRECOMPILE_PREFIX_HEADER = YES;
				GCC_PREFIX_HEADER = "CrossPlatformTemplater/UnitTests/UnitTests-Prefix.pch";
				GCC_PREPROCESSOR_DEFINITIONS = (
					"DEBUG=1",
					"$(inherited)",
				);
				GCC_SYMBOLS_PRIVATE_EXTERN = NO;
				GCC_VERSION = com.apple.compilers.llvm.clang.1_0;
				GCC_WARN_UNINITIALIZED_AUTOS = YES;
				HEADER_SEARCH_PATHS = (
					"$(INSTALL_ROOT)/usr/local/include/**",
					"$(BUILD_DIR)/$(CONFIGURATION)$(EFFECTIVE_PLATFORM_NAME)/usr/local/include/**",
				);
				INFOPLIST_FILE = "TestsWithWebViewAndStaticLiblary-Info.plist";
				IPHONEOS_DEPLOYMENT_TARGET = 5.1;
				OTHER_LDFLAGS = "-all_load";
				PRODUCT_NAME = TestsWithWebViewAndStaticLiblary;
				TARGETED_DEVICE_FAMILY = "1,2";
				WRAPPER_EXTENSION = app;
			};
			name = Debug;
		};
		3E4F526D15A06E960054EB23 /* Release */ = {
			isa = XCBuildConfiguration;
			buildSettings = {
				ALWAYS_SEARCH_USER_PATHS = NO;
				ARCHS = "$(ARCHS_STANDARD_32_BIT)";
				CLANG_ENABLE_OBJC_ARC = NO;
				"CODE_SIGN_IDENTITY[sdk=iphoneos*]" = "iPhone Developer";
				COPY_PHASE_STRIP = YES;
				GCC_C_LANGUAGE_STANDARD = gnu99;
				GCC_PRECOMPILE_PREFIX_HEADER = YES;
				GCC_PREFIX_HEADER = "CrossPlatformTemplater/UnitTests/UnitTests-Prefix.pch";
				GCC_VERSION = com.apple.compilers.llvm.clang.1_0;
				GCC_WARN_UNINITIALIZED_AUTOS = YES;
				HEADER_SEARCH_PATHS = (
					"$(INSTALL_ROOT)/usr/local/include/**",
					"$(BUILD_DIR)/$(CONFIGURATION)$(EFFECTIVE_PLATFORM_NAME)/usr/local/include/**",
				);
				INFOPLIST_FILE = "TestsWithWebViewAndStaticLiblary-Info.plist";
				IPHONEOS_DEPLOYMENT_TARGET = 5.1;
				OTHER_CFLAGS = "-DNS_BLOCK_ASSERTIONS=1";
				OTHER_LDFLAGS = "-all_load";
				PRODUCT_NAME = TestsWithWebViewAndStaticLiblary;
				TARGETED_DEVICE_FAMILY = "1,2";
				VALIDATE_PRODUCT = YES;
				WRAPPER_EXTENSION = app;
			};
			name = Release;
		};
		F534C006148775B8002BE621 /* Debug */ = {
			isa = XCBuildConfiguration;
			buildSettings = {
				PRODUCT_NAME = CrossPlatformTemplater;
			};
			name = Debug;
		};
		F534C007148775B8002BE621 /* Release */ = {
			isa = XCBuildConfiguration;
			buildSettings = {
				PRODUCT_NAME = CrossPlatformTemplater;
			};
			name = Release;
		};
		F578319A134AE42300D56C0B /* Debug */ = {
			isa = XCBuildConfiguration;
			buildSettings = {
				ALWAYS_SEARCH_USER_PATHS = NO;
				CODE_SIGN_IDENTITY = "iPhone Developer";
				COPY_PHASE_STRIP = NO;
				FRAMEWORK_SEARCH_PATHS = (
					"$(inherited)",
					"\"$(SRCROOT)\"",
					"\"$(SRCROOT)/CrossPlatformTemplater\"",
				);
				GCC_DYNAMIC_NO_PIC = NO;
				GCC_OPTIMIZATION_LEVEL = 0;
				GCC_PRECOMPILE_PREFIX_HEADER = YES;
				GCC_PREFIX_HEADER = CrossPlatformTemplater/CrossPlatformTemplaterTests_Prefix.pch;
				GCC_PREPROCESSOR_DEFINITIONS = DEBUG;
				"GCC_PREPROCESSOR_DEFINITIONS[arch=*]" = "";
				INFOPLIST_FILE = "CrossPlatformTemplater/CrossPlatformTemplaterTests-Info.plist";
				INSTALL_PATH = "$(HOME)/Applications";
				OTHER_LDFLAGS = (
					"-all_load",
					"-ObjC",
					"-framework",
					Foundation,
					"-framework",
					UIKit,
				);
				PRODUCT_NAME = CrossPlatformTemplaterTests;
				SDKROOT = iphoneos;
			};
			name = Debug;
		};
		F578319B134AE42400D56C0B /* Release */ = {
			isa = XCBuildConfiguration;
			buildSettings = {
				ALWAYS_SEARCH_USER_PATHS = NO;
				CODE_SIGN_IDENTITY = "iPhone Developer";
				COPY_PHASE_STRIP = YES;
				DEBUG_INFORMATION_FORMAT = "dwarf-with-dsym";
				FRAMEWORK_SEARCH_PATHS = (
					"$(inherited)",
					"\"$(SRCROOT)\"",
					"\"$(SRCROOT)/CrossPlatformTemplater\"",
				);
				GCC_PRECOMPILE_PREFIX_HEADER = YES;
				GCC_PREFIX_HEADER = "$(SYSTEM_LIBRARY_DIR)/Frameworks/UIKit.framework/Headers/UIKit.h";
				INFOPLIST_FILE = "CrossPlatformTemplater/CrossPlatformTemplaterTests-Info.plist";
				INSTALL_PATH = "$(HOME)/Applications";
				OTHER_LDFLAGS = (
					"-framework",
					Foundation,
					"-framework",
					UIKit,
				);
				PRODUCT_NAME = CrossPlatformTemplaterTests;
				SDKROOT = iphoneos;
				ZERO_LINK = NO;
			};
			name = Release;
		};
/* End XCBuildConfiguration section */

/* Begin XCConfigurationList section */
		1DEB921E08733DC00010E9CD /* Build configuration list for PBXNativeTarget "CrossPlatformTemplater" */ = {
			isa = XCConfigurationList;
			buildConfigurations = (
				1DEB921F08733DC00010E9CD /* Debug */,
				1DEB922008733DC00010E9CD /* Release */,
			);
			defaultConfigurationIsVisible = 0;
			defaultConfigurationName = Release;
		};
		1DEB922208733DC00010E9CD /* Build configuration list for PBXProject "CrossPlatformTemplater" */ = {
			isa = XCConfigurationList;
			buildConfigurations = (
				1DEB922308733DC00010E9CD /* Debug */,
				1DEB922408733DC00010E9CD /* Release */,
			);
			defaultConfigurationIsVisible = 0;
			defaultConfigurationName = Release;
		};
		3E2FA0F6157CCD8B000BA4DE /* Build configuration list for PBXNativeTarget "TestsWithWebView" */ = {
			isa = XCConfigurationList;
			buildConfigurations = (
				3E2FA0F4157CCD8B000BA4DE /* Debug */,
				3E2FA0F5157CCD8B000BA4DE /* Release */,
			);
			defaultConfigurationIsVisible = 0;
			defaultConfigurationName = Release;
		};
		3E4F526B15A06E960054EB23 /* Build configuration list for PBXNativeTarget "TestsWithWebViewAndStaticLiblary" */ = {
			isa = XCConfigurationList;
			buildConfigurations = (
				3E4F526C15A06E960054EB23 /* Debug */,
				3E4F526D15A06E960054EB23 /* Release */,
			);
			defaultConfigurationIsVisible = 0;
			defaultConfigurationName = Release;
		};
		F534C005148775B8002BE621 /* Build configuration list for PBXAggregateTarget "MonacaTemplateEngine-Universal" */ = {
			isa = XCConfigurationList;
			buildConfigurations = (
				F534C006148775B8002BE621 /* Debug */,
				F534C007148775B8002BE621 /* Release */,
			);
			defaultConfigurationIsVisible = 0;
			defaultConfigurationName = Release;
		};
		F578319C134AE42400D56C0B /* Build configuration list for PBXNativeTarget "CrossPlatformTemplaterTests" */ = {
			isa = XCConfigurationList;
			buildConfigurations = (
				F578319A134AE42300D56C0B /* Debug */,
				F578319B134AE42400D56C0B /* Release */,
			);
			defaultConfigurationIsVisible = 0;
			defaultConfigurationName = Release;
		};
/* End XCConfigurationList section */
	};
	rootObject = 0867D690FE84028FC02AAC07 /* Project object */;
}
